
Microsoft Visual Studio Solution File, Format Version 12.00
# Visual Studio Version 17
VisualStudioVersion = 17.3.32922.545
MinimumVisualStudioVersion = 10.0.40219.1
Project("{FAE04EC0-301F-11D3-BF4B-00C04F79EFBC}") = "CRUD-mvc", "CRUD-mvc\CRUD-mvc.csproj", "{45D2A8F6-B76E-4DA3-9800-83F3E9DF1315}"
EndProject
Global
	GlobalSection(SolutionConfigurationPlatforms) = preSolution
		Debug|Any CPU = Debug|Any CPU
		Release|Any CPU = Release|Any CPU
	EndGlobalSection
	GlobalSection(ProjectConfigurationPlatforms) = postSolution
		{45D2A8F6-B76E-4DA3-9800-83F3E9DF1315}.Debug|Any CPU.ActiveCfg = Debug|Any CPU
		{45D2A8F6-B76E-4DA3-9800-83F3E9DF1315}.Debug|Any CPU.Build.0 = Debug|Any CPU
		{45D2A8F6-B76E-4DA3-9800-83F3E9DF1315}.Release|Any CPU.ActiveCfg = Release|Any CPU
		{45D2A8F6-B76E-4DA3-9800-83F3E9DF1315}.Release|Any CPU.Build.0 = Release|Any CPU
	EndGlobalSection
	GlobalSection(SolutionProperties) = preSolution
		HideSolutionNode = FALSE
	EndGlobalSection
	GlobalSection(ExtensibilityGlobals) = postSolution
		SolutionGuid = {ACD3F55F-05B7-4C2F-8AFA-8D7635A56356}
	EndGlobalSection
EndGlobal
